PODS:
  - Flutter (1.0.0)
  - MoEngage-iOS-SDK (9.8.2)
  - moengage_cards (0.0.1):
    - Flutter
    - MoEngagePluginCards
  - moengage_flutter (5.3.1):
    - Flutter
    - MoEngagePluginBase (~> 4.2.0)
  - moengage_geofence (1.4.0):
    - Flutter
    - MoEngagePluginGeofence (~> 2.2.0)
  - moengage_inbox (4.3.0):
    - Flutter
    - MoEngagePluginInbox (~> 2.2.0)
  - MoEngageCards (4.8.1):
    - MoEngage-iOS-SDK (< 9.9.0, >= 9.8.0)
  - MoEngageGeofence (5.8.0):
    - MoEngage-iOS-SDK (< 9.9.0, >= 9.8.0)
  - MoEngageInApp (4.8.3):
    - MoEngage-iOS-SDK (< 9.9.0, >= 9.8.0)
  - MoEngageInbox (2.8.1):
    - MoEngage-iOS-SDK (< 9.9.0, >= 9.8.0)
    - MoEngageRichNotification (< 7.9.0, >= 7.8.0)
  - MoEngagePluginBase (4.2.1):
    - MoEngage-iOS-SDK (< 9.9.0, >= 9.8.0)
    - MoEngageInApp (< 4.9.0, >= 4.8.0)
  - MoEngagePluginCards (1.0.0):
    - MoEngageCards (< 4.9.0, >= 4.8.0)
    - MoEngagePluginBase (< 4.3.0, >= 4.2.0)
  - MoEngagePluginGeofence (2.2.0):
    - MoEngageGeofence (< 5.9.0, >= 5.8.0)
    - MoEngagePluginBase (< 4.3.0, >= 4.2.0)
  - MoEngagePluginInbox (2.2.0):
    - MoEngageInbox (< 2.9.0, >= 2.8.0)
    - MoEngagePluginBase (< 4.3.0, >= 4.2.0)
  - MoEngageRichNotification (7.8.0):
    - MoEngage-iOS-SDK (< 9.9.0, >= 9.8.0)
  - permission_handler_apple (9.1.0):
    - Flutter
  - url_launcher_ios (0.0.1):
    - Flutter

DEPENDENCIES:
  - Flutter (from `Flutter`)
  - moengage_cards (from `.symlinks/plugins/moengage_cards/ios`)
  - moengage_flutter (from `.symlinks/plugins/moengage_flutter/ios`)
  - moengage_geofence (from `.symlinks/plugins/moengage_geofence/ios`)
  - moengage_inbox (from `.symlinks/plugins/moengage_inbox/ios`)
  - MoEngagePluginCards (from `https://github.com/moengage/iOS-PluginBase.git`, branch `MOEN-24218_self-handled-cards`)
  - MoEngageRichNotification
  - permission_handler_apple (from `.symlinks/plugins/permission_handler_apple/ios`)
  - url_launcher_ios (from `.symlinks/plugins/url_launcher_ios/ios`)

SPEC REPOS:
  trunk:
    - MoEngage-iOS-SDK
    - MoEngageCards
    - MoEngageGeofence
    - MoEngageInApp
    - MoEngageInbox
    - MoEngagePluginBase
    - MoEngagePluginGeofence
    - MoEngagePluginInbox
    - MoEngageRichNotification

EXTERNAL SOURCES:
  Flutter:
    :path: Flutter
  moengage_cards:
    :path: ".symlinks/plugins/moengage_cards/ios"
  moengage_flutter:
    :path: ".symlinks/plugins/moengage_flutter/ios"
  moengage_geofence:
    :path: ".symlinks/plugins/moengage_geofence/ios"
  moengage_inbox:
    :path: ".symlinks/plugins/moengage_inbox/ios"
  MoEngagePluginCards:
    :branch: MOEN-24218_self-handled-cards
    :git: https://github.com/moengage/iOS-PluginBase.git
  permission_handler_apple:
    :path: ".symlinks/plugins/permission_handler_apple/ios"
  url_launcher_ios:
    :path: ".symlinks/plugins/url_launcher_ios/ios"

CHECKOUT OPTIONS:
  MoEngagePluginCards:
    :commit: 4bff8315d21feff06189f413add6c721742f0765
    :git: https://github.com/moengage/iOS-PluginBase.git

SPEC CHECKSUMS:
  Flutter: f04841e97a9d0b0a8025694d0796dd46242b2854
  MoEngage-iOS-SDK: f322825e601bc82fba5fdc7968afe987d04c87fc
  moengage_cards: 7513eb53c08662201256ad27b7fd5a9ffd10fd49
  moengage_flutter: 6a9725a252e417726db81e96000adf67c572ff7a
  moengage_geofence: 2500f1b5454ad3c00ebbbecc678192198d01556a
  moengage_inbox: bb95c8f68f3dd8eb8a7cef9987ff49da34c5d6b7
  MoEngageCards: 6abbee73f5d27510ff5578a4d11f0673a751c66b
  MoEngageGeofence: 5e5c11c6b2890f837a8b22dc42d603317647fe4a
  MoEngageInApp: adde27d04ca31eb594fc064cd8cb9b7e292bba6f
  MoEngageInbox: d7e111ed480281abe539a9f3ec5084e9f7f80656
  MoEngagePluginBase: f01eee31616ee87907bb5dfec826b99ed90aca3b
  MoEngagePluginCards: a2c0acd092b8d1298a3155e17c6474da27b8aff9
  MoEngagePluginGeofence: ead1514d617044e4116c1909608b8509122de16b
  MoEngagePluginInbox: 180686c96767400ffa42b4427184eec0cee4fee0
  MoEngageRichNotification: ef9f1ec806dcc8932a481faa68f89037df6dfc1b
  permission_handler_apple: 8f116445eff3c0e7c65ad60f5fef5490aa94b4e4
  url_launcher_ios: 08a3dfac5fb39e8759aeb0abbd5d9480f30fc8b4

PODFILE CHECKSUM: 7e2e8882e434d588678eadca4e80d2dd0d151a22

COCOAPODS: 1.12.1
